
Microsoft Visual Studio Solution File, Format Version 12.00
# Visual Studio 15
VisualStudioVersion = 15.0.28307.1169
MinimumVisualStudioVersion = 10.0.40219.1
Project("{FAE04EC0-301F-11D3-BF4B-00C04F79EFBC}") = "ProjectUTS", "ProjectUTS\ProjectUTS.csproj", "{9C493EC3-FDF8-4A85-B073-75FAF1556BAD}"
EndProject
Project("{FAE04EC0-301F-11D3-BF4B-00C04F79EFBC}") = "classProject", "classProject\classProject.csproj", "{CCD78EF7-E1F4-44C3-A5D5-8565E013B5C7}"
EndProject
Global
	GlobalSection(SolutionConfigurationPlatforms) = preSolution
		Debug|Any CPU = Debug|Any CPU
		Release|Any CPU = Release|Any CPU
	EndGlobalSection
	GlobalSection(ProjectConfigurationPlatforms) = postSolution
		{9C493EC3-FDF8-4A85-B073-75FAF1556BAD}.Debug|Any CPU.ActiveCfg = Debug|Any CPU
		{9C493EC3-FDF8-4A85-B073-75FAF1556BAD}.Debug|Any CPU.Build.0 = Debug|Any CPU
		{9C493EC3-FDF8-4A85-B073-75FAF1556BAD}.Release|Any CPU.ActiveCfg = Release|Any CPU
		{9C493EC3-FDF8-4A85-B073-75FAF1556BAD}.Release|Any CPU.Build.0 = Release|Any CPU
		{CCD78EF7-E1F4-44C3-A5D5-8565E013B5C7}.Debug|Any CPU.ActiveCfg = Debug|Any CPU
		{CCD78EF7-E1F4-44C3-A5D5-8565E013B5C7}.Debug|Any CPU.Build.0 = Debug|Any CPU
		{CCD78EF7-E1F4-44C3-A5D5-8565E013B5C7}.Release|Any CPU.ActiveCfg = Release|Any CPU
		{CCD78EF7-E1F4-44C3-A5D5-8565E013B5C7}.Release|Any CPU.Build.0 = Release|Any CPU
	EndGlobalSection
	GlobalSection(SolutionProperties) = preSolution
		HideSolutionNode = FALSE
	EndGlobalSection
	GlobalSection(ExtensibilityGlobals) = postSolution
		SolutionGuid = {67E8CD8E-B1BA-4741-BCD4-9AD839403809}
	EndGlobalSection
EndGlobal
